[[package]]
name = "sv-ttk"
version = "0.1"
description = "Python module to easily use the Sun Valley ttk theme"
category = "main"
optional = false
python-versions = ">=3.4"

[[package]]
name = "vban-cmd"
version = "1.0.8"
description = "Python interface for the VBAN RT Packet Service (Sendtext)"
category = "main"
optional = false
python-versions = ">=3.11,<4.0"

[[package]]
name = "voicemeeter-api"
version = "0.1.9"
description = "A Python wrapper for the Voiceemeter API"
category = "main"
optional = false
python-versions = ">=3.11,<4.0"

[metadata]
lock-version = "1.1"
python-versions = "^3.11"
content-hash = "bc26459921a17e44de1271983fbb516db483b4882551a33286369081abd33e3d"

[metadata.files]
sv-ttk = [
    {file = "sv_ttk-0.1-py3-none-any.whl", hash = "sha256:c47ab1c70aad0333bc7f5063ab55e8a16b562e700e89e7853e577a1e2fdaa091"},
    {file = "sv_ttk-0.1.tar.gz", hash = "sha256:342754618292b6d224060307eccaa35b6f6c284b34b4da1d0cf0484b652ffb0f"},
]
vban-cmd = [
    {file = "vban-cmd-1.0.8.tar.gz", hash = "sha256:82d2914dcd205aa58226f54408d04b66a33b2cca7ec935c51cac4b94c3bf3e04"},
    {file = "vban_cmd-1.0.8-py3-none-any.whl", hash = "sha256:f551728b6cb46498b03204a991a0d8bcad4a14f6901cb1770ee943c1bde87c73"},
]
voicemeeter-api = [
    {file = "voicemeeter-api-0.1.9.tar.gz", hash = "sha256:9bf0668fe8f181fdc80becaa25cb5f981e5c56b90fd235e128e2a7d30b10e015"},
    {file = "voicemeeter_api-0.1.9-py3-none-any.whl", hash = "sha256:c69754f4f40592df13be29e3a3d61935e96780cf13ef8b4b284b2ca34f6cebde"},
]
